
Microsoft Visual Studio Solution File, Format Version 12.00
# Visual Studio 2013
VisualStudioVersion = 12.0.21005.1
MinimumVisualStudioVersion = 10.0.40219.1
Project("{FAE04EC0-301F-11D3-BF4B-00C04F79EFBC}") = "SupErp.Shared", "SupErp.Shared\SupErp.Shared.csproj", "{AED44877-9636-4E8C-95A3-722D99F6260B}"
EndProject
Project("{FAE04EC0-301F-11D3-BF4B-00C04F79EFBC}") = "SupERP.WPF.Comptabiity", "SupERP.WPF.Comptabiity\SupERP.WPF.Comptabiity.csproj", "{C3CF9B09-B734-4E89-9F82-8B4BC5472F38}"
	ProjectSection(ProjectDependencies) = postProject
		{DDDB3846-F079-4103-B316-1EB8EDB76090} = {DDDB3846-F079-4103-B316-1EB8EDB76090}
	EndProjectSection
EndProject
Project("{FAE04EC0-301F-11D3-BF4B-00C04F79EFBC}") = "SupERP.WPF.Comptability.Library", "SupERP.WPF.Comptability.Library\SupERP.WPF.Comptability.Library.csproj", "{85EA25D3-0E14-4E4D-8F82-10C424D006A8}"
EndProject
Project("{2150E333-8FDC-42A3-9474-1A3956D46DE8}") = "SupERPMaster", "SupERPMaster", "{E3AEA888-92BB-484B-9F1D-F379EC5EEFBB}"
EndProject
Project("{FAE04EC0-301F-11D3-BF4B-00C04F79EFBC}") = "SupErp.WCF", "SupErp.WCF\SupErp.WCF.csproj", "{DDDB3846-F079-4103-B316-1EB8EDB76090}"
EndProject
Project("{FAE04EC0-301F-11D3-BF4B-00C04F79EFBC}") = "SupErp.Entities", "SupErp.Entities\SupErp.Entities.csproj", "{A11A9E2D-75AC-4E97-B28A-DA6BA10D5637}"
EndProject
Project("{FAE04EC0-301F-11D3-BF4B-00C04F79EFBC}") = "SupErp.BLL", "SupErp.BLL\SupErp.BLL.csproj", "{AA5A818D-CD76-4958-9282-66B0F1CE29BA}"
EndProject
Project("{FAE04EC0-301F-11D3-BF4B-00C04F79EFBC}") = "SupErp.Kernel", "SupErp.Kernel\SupErp.Kernel.csproj", "{E9AEB03E-1864-470F-8819-7A7419D3B87C}"
EndProject
Project("{FAE04EC0-301F-11D3-BF4B-00C04F79EFBC}") = "SupErp.DAL", "SupErp.DAL\SupErp.DAL.csproj", "{369107F3-119A-4358-86BF-23BB9E74018F}"
EndProject
Project("{FAE04EC0-301F-11D3-BF4B-00C04F79EFBC}") = "SupErp.Tests", "SupErp.Tests\SupErp.Tests.csproj", "{D9DBA5E0-62CA-441D-BAE4-ED0F92954458}"
EndProject
Project("{FAE04EC0-301F-11D3-BF4B-00C04F79EFBC}") = "SupErp.IHM", "SupErp.IHM\SupErp.IHM.csproj", "{EC280E16-F3D8-4215-8D1B-BD6D5F95E817}"
	ProjectSection(ProjectDependencies) = postProject
		{DDDB3846-F079-4103-B316-1EB8EDB76090} = {DDDB3846-F079-4103-B316-1EB8EDB76090}
	EndProjectSection
EndProject
Global
	GlobalSection(SolutionConfigurationPlatforms) = preSolution
		Debug|Any CPU = Debug|Any CPU
		Release|Any CPU = Release|Any CPU
	EndGlobalSection
	GlobalSection(ProjectConfigurationPlatforms) = postSolution
		{AED44877-9636-4E8C-95A3-722D99F6260B}.Debug|Any CPU.ActiveCfg = Debug|Any CPU
		{AED44877-9636-4E8C-95A3-722D99F6260B}.Debug|Any CPU.Build.0 = Debug|Any CPU
		{AED44877-9636-4E8C-95A3-722D99F6260B}.Release|Any CPU.ActiveCfg = Release|Any CPU
		{AED44877-9636-4E8C-95A3-722D99F6260B}.Release|Any CPU.Build.0 = Release|Any CPU
		{C3CF9B09-B734-4E89-9F82-8B4BC5472F38}.Debug|Any CPU.ActiveCfg = Debug|Any CPU
		{C3CF9B09-B734-4E89-9F82-8B4BC5472F38}.Debug|Any CPU.Build.0 = Debug|Any CPU
		{C3CF9B09-B734-4E89-9F82-8B4BC5472F38}.Release|Any CPU.ActiveCfg = Release|Any CPU
		{C3CF9B09-B734-4E89-9F82-8B4BC5472F38}.Release|Any CPU.Build.0 = Release|Any CPU
		{85EA25D3-0E14-4E4D-8F82-10C424D006A8}.Debug|Any CPU.ActiveCfg = Debug|Any CPU
		{85EA25D3-0E14-4E4D-8F82-10C424D006A8}.Debug|Any CPU.Build.0 = Debug|Any CPU
		{85EA25D3-0E14-4E4D-8F82-10C424D006A8}.Release|Any CPU.ActiveCfg = Release|Any CPU
		{85EA25D3-0E14-4E4D-8F82-10C424D006A8}.Release|Any CPU.Build.0 = Release|Any CPU
		{DDDB3846-F079-4103-B316-1EB8EDB76090}.Debug|Any CPU.ActiveCfg = Debug|Any CPU
		{DDDB3846-F079-4103-B316-1EB8EDB76090}.Debug|Any CPU.Build.0 = Debug|Any CPU
		{DDDB3846-F079-4103-B316-1EB8EDB76090}.Release|Any CPU.ActiveCfg = Release|Any CPU
		{DDDB3846-F079-4103-B316-1EB8EDB76090}.Release|Any CPU.Build.0 = Release|Any CPU
		{A11A9E2D-75AC-4E97-B28A-DA6BA10D5637}.Debug|Any CPU.ActiveCfg = Debug|Any CPU
		{A11A9E2D-75AC-4E97-B28A-DA6BA10D5637}.Debug|Any CPU.Build.0 = Debug|Any CPU
		{A11A9E2D-75AC-4E97-B28A-DA6BA10D5637}.Release|Any CPU.ActiveCfg = Release|Any CPU
		{A11A9E2D-75AC-4E97-B28A-DA6BA10D5637}.Release|Any CPU.Build.0 = Release|Any CPU
		{AA5A818D-CD76-4958-9282-66B0F1CE29BA}.Debug|Any CPU.ActiveCfg = Debug|Any CPU
		{AA5A818D-CD76-4958-9282-66B0F1CE29BA}.Debug|Any CPU.Build.0 = Debug|Any CPU
		{AA5A818D-CD76-4958-9282-66B0F1CE29BA}.Release|Any CPU.ActiveCfg = Release|Any CPU
		{AA5A818D-CD76-4958-9282-66B0F1CE29BA}.Release|Any CPU.Build.0 = Release|Any CPU
		{E9AEB03E-1864-470F-8819-7A7419D3B87C}.Debug|Any CPU.ActiveCfg = Debug|Any CPU
		{E9AEB03E-1864-470F-8819-7A7419D3B87C}.Debug|Any CPU.Build.0 = Debug|Any CPU
		{E9AEB03E-1864-470F-8819-7A7419D3B87C}.Release|Any CPU.ActiveCfg = Release|Any CPU
		{E9AEB03E-1864-470F-8819-7A7419D3B87C}.Release|Any CPU.Build.0 = Release|Any CPU
		{369107F3-119A-4358-86BF-23BB9E74018F}.Debug|Any CPU.ActiveCfg = Debug|Any CPU
		{369107F3-119A-4358-86BF-23BB9E74018F}.Debug|Any CPU.Build.0 = Debug|Any CPU
		{369107F3-119A-4358-86BF-23BB9E74018F}.Release|Any CPU.ActiveCfg = Release|Any CPU
		{369107F3-119A-4358-86BF-23BB9E74018F}.Release|Any CPU.Build.0 = Release|Any CPU
		{D9DBA5E0-62CA-441D-BAE4-ED0F92954458}.Debug|Any CPU.ActiveCfg = Debug|Any CPU
		{D9DBA5E0-62CA-441D-BAE4-ED0F92954458}.Debug|Any CPU.Build.0 = Debug|Any CPU
		{D9DBA5E0-62CA-441D-BAE4-ED0F92954458}.Release|Any CPU.ActiveCfg = Release|Any CPU
		{D9DBA5E0-62CA-441D-BAE4-ED0F92954458}.Release|Any CPU.Build.0 = Release|Any CPU
		{EC280E16-F3D8-4215-8D1B-BD6D5F95E817}.Debug|Any CPU.ActiveCfg = Debug|Any CPU
		{EC280E16-F3D8-4215-8D1B-BD6D5F95E817}.Debug|Any CPU.Build.0 = Debug|Any CPU
		{EC280E16-F3D8-4215-8D1B-BD6D5F95E817}.Release|Any CPU.ActiveCfg = Release|Any CPU
		{EC280E16-F3D8-4215-8D1B-BD6D5F95E817}.Release|Any CPU.Build.0 = Release|Any CPU
	EndGlobalSection
	GlobalSection(SolutionProperties) = preSolution
		HideSolutionNode = FALSE
	EndGlobalSection
	GlobalSection(NestedProjects) = preSolution
		{AA5A818D-CD76-4958-9282-66B0F1CE29BA} = {E3AEA888-92BB-484B-9F1D-F379EC5EEFBB}
		{369107F3-119A-4358-86BF-23BB9E74018F} = {E3AEA888-92BB-484B-9F1D-F379EC5EEFBB}
		{A11A9E2D-75AC-4E97-B28A-DA6BA10D5637} = {E3AEA888-92BB-484B-9F1D-F379EC5EEFBB}
		{EC280E16-F3D8-4215-8D1B-BD6D5F95E817} = {E3AEA888-92BB-484B-9F1D-F379EC5EEFBB}
		{E9AEB03E-1864-470F-8819-7A7419D3B87C} = {E3AEA888-92BB-484B-9F1D-F379EC5EEFBB}
		{D9DBA5E0-62CA-441D-BAE4-ED0F92954458} = {E3AEA888-92BB-484B-9F1D-F379EC5EEFBB}
		{DDDB3846-F079-4103-B316-1EB8EDB76090} = {E3AEA888-92BB-484B-9F1D-F379EC5EEFBB}
	EndGlobalSection
EndGlobal
