
Microsoft Visual Studio Solution File, Format Version 12.00
# Visual Studio 2013
VisualStudioVersion = 12.0.30501.0
MinimumVisualStudioVersion = 10.0.40219.1
Project("{FAE04EC0-301F-11D3-BF4B-00C04F79EFBC}") = "SupErp.Shared", "SupErp.Shared\SupErp.Shared.csproj", "{AED44877-9636-4E8C-95A3-722D99F6260B}"
EndProject
Project("{FAE04EC0-301F-11D3-BF4B-00C04F79EFBC}") = "SupERP.WPF.Comptabiity", "SupERP.WPF.Comptabiity\SupERP.WPF.Comptabiity.csproj", "{C3CF9B09-B734-4E89-9F82-8B4BC5472F38}"
EndProject
Project("{FAE04EC0-301F-11D3-BF4B-00C04F79EFBC}") = "SupERP.WPF.Comptability.Library", "SupERP.WPF.Comptability.Library\SupERP.WPF.Comptability.Library.csproj", "{85EA25D3-0E14-4E4D-8F82-10C424D006A8}"
EndProject
Project("{FAE04EC0-301F-11D3-BF4B-00C04F79EFBC}") = "SupERP.Comptability.Front.Contract", "SupERP.Comptability.Front.Contract\SupERP.Comptability.Front.Contract.csproj", "{8FCC95A0-2913-45B2-B04A-E7968483C2EF}"
EndProject
Project("{FAE04EC0-301F-11D3-BF4B-00C04F79EFBC}") = "SupERP.Comptability.Front", "SupERP.Comptability.Front\SupERP.Comptability.Front.csproj", "{81E20398-59B0-420B-84BF-FFF7AB9E2470}"
EndProject
Project("{FAE04EC0-301F-11D3-BF4B-00C04F79EFBC}") = "SupERP.Comptability.Business", "SupERP.Comptability.Business\SupERP.Comptability.Business.csproj", "{2553C806-481E-4C88-A133-1316C4DFE45F}"
EndProject
Project("{FAE04EC0-301F-11D3-BF4B-00C04F79EFBC}") = "SupERP.Comptability.Dal", "SupERP.Comptability.Dal\SupERP.Comptability.Dal.csproj", "{0295441E-BEC2-4D51-9F73-2A202E8D28F2}"
EndProject
Global
	GlobalSection(SolutionConfigurationPlatforms) = preSolution
		Debug|Any CPU = Debug|Any CPU
		Release|Any CPU = Release|Any CPU
	EndGlobalSection
	GlobalSection(ProjectConfigurationPlatforms) = postSolution
		{AED44877-9636-4E8C-95A3-722D99F6260B}.Debug|Any CPU.ActiveCfg = Debug|Any CPU
		{AED44877-9636-4E8C-95A3-722D99F6260B}.Debug|Any CPU.Build.0 = Debug|Any CPU
		{AED44877-9636-4E8C-95A3-722D99F6260B}.Release|Any CPU.ActiveCfg = Release|Any CPU
		{AED44877-9636-4E8C-95A3-722D99F6260B}.Release|Any CPU.Build.0 = Release|Any CPU
		{C3CF9B09-B734-4E89-9F82-8B4BC5472F38}.Debug|Any CPU.ActiveCfg = Debug|Any CPU
		{C3CF9B09-B734-4E89-9F82-8B4BC5472F38}.Debug|Any CPU.Build.0 = Debug|Any CPU
		{C3CF9B09-B734-4E89-9F82-8B4BC5472F38}.Release|Any CPU.ActiveCfg = Release|Any CPU
		{C3CF9B09-B734-4E89-9F82-8B4BC5472F38}.Release|Any CPU.Build.0 = Release|Any CPU
		{85EA25D3-0E14-4E4D-8F82-10C424D006A8}.Debug|Any CPU.ActiveCfg = Debug|Any CPU
		{85EA25D3-0E14-4E4D-8F82-10C424D006A8}.Debug|Any CPU.Build.0 = Debug|Any CPU
		{85EA25D3-0E14-4E4D-8F82-10C424D006A8}.Release|Any CPU.ActiveCfg = Release|Any CPU
		{85EA25D3-0E14-4E4D-8F82-10C424D006A8}.Release|Any CPU.Build.0 = Release|Any CPU
		{8FCC95A0-2913-45B2-B04A-E7968483C2EF}.Debug|Any CPU.ActiveCfg = Debug|Any CPU
		{8FCC95A0-2913-45B2-B04A-E7968483C2EF}.Debug|Any CPU.Build.0 = Debug|Any CPU
		{8FCC95A0-2913-45B2-B04A-E7968483C2EF}.Release|Any CPU.ActiveCfg = Release|Any CPU
		{8FCC95A0-2913-45B2-B04A-E7968483C2EF}.Release|Any CPU.Build.0 = Release|Any CPU
		{81E20398-59B0-420B-84BF-FFF7AB9E2470}.Debug|Any CPU.ActiveCfg = Debug|Any CPU
		{81E20398-59B0-420B-84BF-FFF7AB9E2470}.Debug|Any CPU.Build.0 = Debug|Any CPU
		{81E20398-59B0-420B-84BF-FFF7AB9E2470}.Release|Any CPU.ActiveCfg = Release|Any CPU
		{81E20398-59B0-420B-84BF-FFF7AB9E2470}.Release|Any CPU.Build.0 = Release|Any CPU
		{2553C806-481E-4C88-A133-1316C4DFE45F}.Debug|Any CPU.ActiveCfg = Debug|Any CPU
		{2553C806-481E-4C88-A133-1316C4DFE45F}.Debug|Any CPU.Build.0 = Debug|Any CPU
		{2553C806-481E-4C88-A133-1316C4DFE45F}.Release|Any CPU.ActiveCfg = Release|Any CPU
		{2553C806-481E-4C88-A133-1316C4DFE45F}.Release|Any CPU.Build.0 = Release|Any CPU
		{0295441E-BEC2-4D51-9F73-2A202E8D28F2}.Debug|Any CPU.ActiveCfg = Debug|Any CPU
		{0295441E-BEC2-4D51-9F73-2A202E8D28F2}.Debug|Any CPU.Build.0 = Debug|Any CPU
		{0295441E-BEC2-4D51-9F73-2A202E8D28F2}.Release|Any CPU.ActiveCfg = Release|Any CPU
		{0295441E-BEC2-4D51-9F73-2A202E8D28F2}.Release|Any CPU.Build.0 = Release|Any CPU
	EndGlobalSection
	GlobalSection(SolutionProperties) = preSolution
		HideSolutionNode = FALSE
	EndGlobalSection
EndGlobal
