
Microsoft Visual Studio Solution File, Format Version 12.00
# Visual Studio 2013
VisualStudioVersion = 12.0.30723.0
MinimumVisualStudioVersion = 10.0.40219.1
Project("{FAE04EC0-301F-11D3-BF4B-00C04F79EFBC}") = "WcfServiceLibrarySalary", "WcfServiceLibrarySalary\WcfServiceLibrarySalary.csproj", "{C3F88C5E-9BC4-49C7-8B2C-A2B5835BBCEB}"
EndProject
Global
	GlobalSection(SolutionConfigurationPlatforms) = preSolution
		Debug|Any CPU = Debug|Any CPU
		Release|Any CPU = Release|Any CPU
	EndGlobalSection
	GlobalSection(ProjectConfigurationPlatforms) = postSolution
		{C3F88C5E-9BC4-49C7-8B2C-A2B5835BBCEB}.Debug|Any CPU.ActiveCfg = Debug|Any CPU
		{C3F88C5E-9BC4-49C7-8B2C-A2B5835BBCEB}.Debug|Any CPU.Build.0 = Debug|Any CPU
		{C3F88C5E-9BC4-49C7-8B2C-A2B5835BBCEB}.Release|Any CPU.ActiveCfg = Release|Any CPU
		{C3F88C5E-9BC4-49C7-8B2C-A2B5835BBCEB}.Release|Any CPU.Build.0 = Release|Any CPU
	EndGlobalSection
	GlobalSection(SolutionProperties) = preSolution
		HideSolutionNode = FALSE
	EndGlobalSection
EndGlobal
